<?xml version="1.0" encoding="UTF-8"?>
<!DOCTYPE plist PUBLIC "-//Apple//DTD PLIST 1.0//EN" "http://www.apple.com/DTDs/PropertyList-1.0.dtd">
<plist version="1.0">
<dict>
	<key>archiveVersion</key>
	<string>1</string>
	<key>classes</key>
	<dict/>
	<key>objectVersion</key>
	<string>46</string>
	<key>objects</key>
	<dict>
		<key>1A81DAD417F9417C009792F7</key>
		<dict>
			<key>children</key>
			<array>
				<string>1A81DAE617F9417C009792F7</string>
				<string>1A81DAFF17F9417C009792F7</string>
				<string>1A81DADF17F9417C009792F7</string>
				<string>1A81DADE17F9417C009792F7</string>
				<string>67D814B1D2D643F8A162DD47</string>
			</array>
			<key>isa</key>
			<string>PBXGroup</string>
			<key>sourceTree</key>
			<string>&lt;group&gt;</string>
		</dict>
		<key>1A81DAD517F9417C009792F7</key>
		<dict>
			<key>attributes</key>
			<dict>
				<key>LastUpgradeCheck</key>
				<string>0500</string>
				<key>ORGANIZATIONNAME</key>
				<string>Jamz Tang</string>
				<key>TargetAttributes</key>
				<dict>
					<key>1A81DAF717F9417C009792F7</key>
					<dict>
						<key>TestTargetID</key>
						<string>1A81DADC17F9417C009792F7</string>
					</dict>
				</dict>
			</dict>
			<key>buildConfigurationList</key>
			<string>1A81DAD817F9417C009792F7</string>
			<key>compatibilityVersion</key>
			<string>Xcode 3.2</string>
			<key>developmentRegion</key>
			<string>English</string>
			<key>hasScannedForEncodings</key>
			<string>0</string>
			<key>isa</key>
			<string>PBXProject</string>
			<key>knownRegions</key>
			<array>
				<string>en</string>
			</array>
			<key>mainGroup</key>
			<string>1A81DAD417F9417C009792F7</string>
			<key>productRefGroup</key>
			<string>1A81DADE17F9417C009792F7</string>
			<key>projectDirPath</key>
			<string></string>
			<key>projectReferences</key>
			<array/>
			<key>projectRoot</key>
			<string></string>
			<key>targets</key>
			<array>
				<string>1A81DADC17F9417C009792F7</string>
				<string>1A81DAF717F9417C009792F7</string>
			</array>
		</dict>
		<key>1A81DAD817F9417C009792F7</key>
		<dict>
			<key>buildConfigurations</key>
			<array>
				<string>1A81DB0717F9417C009792F7</string>
				<string>1A81DB0817F9417C009792F7</string>
			</array>
			<key>defaultConfigurationIsVisible</key>
			<string>0</string>
			<key>defaultConfigurationName</key>
			<string>Release</string>
			<key>isa</key>
			<string>XCConfigurationList</string>
		</dict>
		<key>1A81DAD917F9417C009792F7</key>
		<dict>
			<key>buildActionMask</key>
			<string>2147483647</string>
			<key>files</key>
			<array>
				<string>1A81DAF117F9417C009792F7</string>
				<string>1A81DAED17F9417C009792F7</string>
			</array>
			<key>isa</key>
			<string>PBXSourcesBuildPhase</string>
			<key>runOnlyForDeploymentPostprocessing</key>
			<string>0</string>
		</dict>
		<key>1A81DADA17F9417C009792F7</key>
		<dict>
			<key>buildActionMask</key>
			<string>2147483647</string>
			<key>files</key>
			<array>
				<string>1A81DAE317F9417C009792F7</string>
				<string>1A81DAE517F9417C009792F7</string>
				<string>1A81DAE117F9417C009792F7</string>
				<string>5FE5963894714E319D31EDDF</string>
			</array>
			<key>isa</key>
			<string>PBXFrameworksBuildPhase</string>
			<key>runOnlyForDeploymentPostprocessing</key>
			<string>0</string>
		</dict>
		<key>1A81DADB17F9417C009792F7</key>
		<dict>
			<key>buildActionMask</key>
			<string>2147483647</string>
			<key>files</key>
			<array>
				<string>1A81DAEB17F9417C009792F7</string>
				<string>1A81DAF317F9417C009792F7</string>
			</array>
			<key>isa</key>
			<string>PBXResourcesBuildPhase</string>
			<key>runOnlyForDeploymentPostprocessing</key>
			<string>0</string>
		</dict>
		<key>1A81DADC17F9417C009792F7</key>
		<dict>
			<key>buildConfigurationList</key>
			<string>1A81DB0917F9417C009792F7</string>
			<key>buildPhases</key>
			<array>
				<string>CE51296101F24D56AA9068C2</string>
				<string>1A81DAD917F9417C009792F7</string>
				<string>1A81DADA17F9417C009792F7</string>
				<string>1A81DADB17F9417C009792F7</string>
				<string>FEF1F237D99B467992025062</string>
			</array>
			<key>buildRules</key>
			<array/>
			<key>dependencies</key>
			<array/>
			<key>isa</key>
			<string>PBXNativeTarget</string>
			<key>name</key>
			<string>ioscodesnippet</string>
			<key>productName</key>
			<string>ioscodesnippet</string>
			<key>productReference</key>
			<string>1A81DADD17F9417C009792F7</string>
			<key>productType</key>
			<string>com.apple.product-type.application</string>
		</dict>
		<key>1A81DADD17F9417C009792F7</key>
		<dict>
			<key>explicitFileType</key>
			<string>wrapper.application</string>
			<key>includeInIndex</key>
			<string>0</string>
			<key>isa</key>
			<string>PBXFileReference</string>
			<key>path</key>
			<string>ioscodesnippet.app</string>
			<key>sourceTree</key>
			<string>BUILT_PRODUCTS_DIR</string>
		</dict>
		<key>1A81DADE17F9417C009792F7</key>
		<dict>
			<key>children</key>
			<array>
				<string>1A81DADD17F9417C009792F7</string>
				<string>1A81DAF817F9417C009792F7</string>
			</array>
			<key>isa</key>
			<string>PBXGroup</string>
			<key>name</key>
			<string>Products</string>
			<key>sourceTree</key>
			<string>&lt;group&gt;</string>
		</dict>
		<key>1A81DADF17F9417C009792F7</key>
		<dict>
			<key>children</key>
			<array>
				<string>1A81DAE017F9417C009792F7</string>
				<string>1A81DAE217F9417C009792F7</string>
				<string>1A81DAE417F9417C009792F7</string>
				<string>1A81DAF917F9417C009792F7</string>
				<string>34E9DF3C9EC740B596AF1386</string>
			</array>
			<key>isa</key>
			<string>PBXGroup</string>
			<key>name</key>
			<string>Frameworks</string>
			<key>sourceTree</key>
			<string>&lt;group&gt;</string>
		</dict>
		<key>1A81DAE017F9417C009792F7</key>
		<dict>
			<key>isa</key>
			<string>PBXFileReference</string>
			<key>lastKnownFileType</key>
			<string>wrapper.framework</string>
			<key>name</key>
			<string>Foundation.framework</string>
			<key>path</key>
			<string>System/Library/Frameworks/Foundation.framework</string>
			<key>sourceTree</key>
			<string>SDKROOT</string>
		</dict>
		<key>1A81DAE117F9417C009792F7</key>
		<dict>
			<key>fileRef</key>
			<string>1A81DAE017F9417C009792F7</string>
			<key>isa</key>
			<string>PBXBuildFile</string>
		</dict>
		<key>1A81DAE217F9417C009792F7</key>
		<dict>
			<key>isa</key>
			<string>PBXFileReference</string>
			<key>lastKnownFileType</key>
			<string>wrapper.framework</string>
			<key>name</key>
			<string>CoreGraphics.framework</string>
			<key>path</key>
			<string>System/Library/Frameworks/CoreGraphics.framework</string>
			<key>sourceTree</key>
			<string>SDKROOT</string>
		</dict>
		<key>1A81DAE317F9417C009792F7</key>
		<dict>
			<key>fileRef</key>
			<string>1A81DAE217F9417C009792F7</string>
			<key>isa</key>
			<string>PBXBuildFile</string>
		</dict>
		<key>1A81DAE417F9417C009792F7</key>
		<dict>
			<key>isa</key>
			<string>PBXFileReference</string>
			<key>lastKnownFileType</key>
			<string>wrapper.framework</string>
			<key>name</key>
			<string>UIKit.framework</string>
			<key>path</key>
			<string>System/Library/Frameworks/UIKit.framework</string>
			<key>sourceTree</key>
			<string>SDKROOT</string>
		</dict>
		<key>1A81DAE517F9417C009792F7</key>
		<dict>
			<key>fileRef</key>
			<string>1A81DAE417F9417C009792F7</string>
			<key>isa</key>
			<string>PBXBuildFile</string>
		</dict>
		<key>1A81DAE617F9417C009792F7</key>
		<dict>
			<key>children</key>
			<array>
				<string>1A81DAEF17F9417C009792F7</string>
				<string>1A81DAF017F9417C009792F7</string>
				<string>1A81DAF217F9417C009792F7</string>
				<string>1A81DAE717F9417C009792F7</string>
			</array>
			<key>isa</key>
			<string>PBXGroup</string>
			<key>path</key>
			<string>ioscodesnippet</string>
			<key>sourceTree</key>
			<string>&lt;group&gt;</string>
		</dict>
		<key>1A81DAE717F9417C009792F7</key>
		<dict>
			<key>children</key>
			<array>
				<string>1A81DAE817F9417C009792F7</string>
				<string>1A81DAE917F9417C009792F7</string>
				<string>1A81DAEC17F9417C009792F7</string>
				<string>1A81DAEE17F9417C009792F7</string>
			</array>
			<key>isa</key>
			<string>PBXGroup</string>
			<key>name</key>
			<string>Supporting Files</string>
			<key>sourceTree</key>
			<string>&lt;group&gt;</string>
		</dict>
		<key>1A81DAE817F9417C009792F7</key>
		<dict>
			<key>isa</key>
			<string>PBXFileReference</string>
			<key>lastKnownFileType</key>
			<string>text.plist.xml</string>
			<key>path</key>
			<string>ioscodesnippet-Info.plist</string>
			<key>sourceTree</key>
			<string>&lt;group&gt;</string>
		</dict>
		<key>1A81DAE917F9417C009792F7</key>
		<dict>
			<key>children</key>
			<array>
				<string>1A81DAEA17F9417C009792F7</string>
			</array>
			<key>isa</key>
			<string>PBXVariantGroup</string>
			<key>name</key>
			<string>InfoPlist.strings</string>
			<key>sourceTree</key>
			<string>&lt;group&gt;</string>
		</dict>
		<key>1A81DAEA17F9417C009792F7</key>
		<dict>
			<key>isa</key>
			<string>PBXFileReference</string>
			<key>lastKnownFileType</key>
			<string>text.plist.strings</string>
			<key>name</key>
			<string>en</string>
			<key>path</key>
			<string>en.lproj/InfoPlist.strings</string>
			<key>sourceTree</key>
			<string>&lt;group&gt;</string>
		</dict>
		<key>1A81DAEB17F9417C009792F7</key>
		<dict>
			<key>fileRef</key>
			<string>1A81DAE917F9417C009792F7</string>
			<key>isa</key>
			<string>PBXBuildFile</string>
		</dict>
		<key>1A81DAEC17F9417C009792F7</key>
		<dict>
			<key>isa</key>
			<string>PBXFileReference</string>
			<key>lastKnownFileType</key>
			<string>sourcecode.c.objc</string>
			<key>path</key>
			<string>main.m</string>
			<key>sourceTree</key>
			<string>&lt;group&gt;</string>
		</dict>
		<key>1A81DAED17F9417C009792F7</key>
		<dict>
			<key>fileRef</key>
			<string>1A81DAEC17F9417C009792F7</string>
			<key>isa</key>
			<string>PBXBuildFile</string>
		</dict>
		<key>1A81DAEE17F9417C009792F7</key>
		<dict>
			<key>isa</key>
			<string>PBXFileReference</string>
			<key>lastKnownFileType</key>
			<string>sourcecode.c.h</string>
			<key>path</key>
			<string>ioscodesnippet-Prefix.pch</string>
			<key>sourceTree</key>
			<string>&lt;group&gt;</string>
		</dict>
		<key>1A81DAEF17F9417C009792F7</key>
		<dict>
			<key>isa</key>
			<string>PBXFileReference</string>
			<key>lastKnownFileType</key>
			<string>sourcecode.c.h</string>
			<key>path</key>
			<string>AppDelegate.h</string>
			<key>sourceTree</key>
			<string>&lt;group&gt;</string>
		</dict>
		<key>1A81DAF017F9417C009792F7</key>
		<dict>
			<key>isa</key>
			<string>PBXFileReference</string>
			<key>lastKnownFileType</key>
			<string>sourcecode.c.objc</string>
			<key>path</key>
			<string>AppDelegate.m</string>
			<key>sourceTree</key>
			<string>&lt;group&gt;</string>
		</dict>
		<key>1A81DAF117F9417C009792F7</key>
		<dict>
			<key>fileRef</key>
			<string>1A81DAF017F9417C009792F7</string>
			<key>isa</key>
			<string>PBXBuildFile</string>
		</dict>
		<key>1A81DAF217F9417C009792F7</key>
		<dict>
			<key>isa</key>
			<string>PBXFileReference</string>
			<key>lastKnownFileType</key>
			<string>folder.assetcatalog</string>
			<key>path</key>
			<string>Images.xcassets</string>
			<key>sourceTree</key>
			<string>&lt;group&gt;</string>
		</dict>
		<key>1A81DAF317F9417C009792F7</key>
		<dict>
			<key>fileRef</key>
			<string>1A81DAF217F9417C009792F7</string>
			<key>isa</key>
			<string>PBXBuildFile</string>
		</dict>
		<key>1A81DAF417F9417C009792F7</key>
		<dict>
			<key>buildActionMask</key>
			<string>2147483647</string>
			<key>files</key>
			<array>
				<string>1A81DB0617F9417C009792F7</string>
			</array>
			<key>isa</key>
			<string>PBXSourcesBuildPhase</string>
			<key>runOnlyForDeploymentPostprocessing</key>
			<string>0</string>
		</dict>
		<key>1A81DAF517F9417C009792F7</key>
		<dict>
			<key>buildActionMask</key>
			<string>2147483647</string>
			<key>files</key>
			<array>
				<string>1A81DAFA17F9417C009792F7</string>
				<string>1A81DAFC17F9417C009792F7</string>
				<string>1A81DAFB17F9417C009792F7</string>
			</array>
			<key>isa</key>
			<string>PBXFrameworksBuildPhase</string>
			<key>runOnlyForDeploymentPostprocessing</key>
			<string>0</string>
		</dict>
		<key>1A81DAF617F9417C009792F7</key>
		<dict>
			<key>buildActionMask</key>
			<string>2147483647</string>
			<key>files</key>
			<array>
				<string>1A81DB0417F9417C009792F7</string>
			</array>
			<key>isa</key>
			<string>PBXResourcesBuildPhase</string>
			<key>runOnlyForDeploymentPostprocessing</key>
			<string>0</string>
		</dict>
		<key>1A81DAF717F9417C009792F7</key>
		<dict>
			<key>buildConfigurationList</key>
			<string>1A81DB0C17F9417C009792F7</string>
			<key>buildPhases</key>
			<array>
				<string>1A81DAF417F9417C009792F7</string>
				<string>1A81DAF517F9417C009792F7</string>
				<string>1A81DAF617F9417C009792F7</string>
			</array>
			<key>buildRules</key>
			<array/>
			<key>dependencies</key>
			<array>
				<string>1A81DAFE17F9417C009792F7</string>
			</array>
			<key>isa</key>
			<string>PBXNativeTarget</string>
			<key>name</key>
			<string>ioscodesnippetTests</string>
			<key>productName</key>
			<string>ioscodesnippetTests</string>
			<key>productReference</key>
			<string>1A81DAF817F9417C009792F7</string>
			<key>productType</key>
			<string>com.apple.product-type.bundle.unit-test</string>
		</dict>
		<key>1A81DAF817F9417C009792F7</key>
		<dict>
			<key>explicitFileType</key>
			<string>wrapper.cfbundle</string>
			<key>includeInIndex</key>
			<string>0</string>
			<key>isa</key>
			<string>PBXFileReference</string>
			<key>path</key>
			<string>ioscodesnippetTests.xctest</string>
			<key>sourceTree</key>
			<string>BUILT_PRODUCTS_DIR</string>
		</dict>
		<key>1A81DAF917F9417C009792F7</key>
		<dict>
			<key>isa</key>
			<string>PBXFileReference</string>
			<key>lastKnownFileType</key>
			<string>wrapper.framework</string>
			<key>name</key>
			<string>XCTest.framework</string>
			<key>path</key>
			<string>Library/Frameworks/XCTest.framework</string>
			<key>sourceTree</key>
			<string>DEVELOPER_DIR</string>
		</dict>
		<key>1A81DAFA17F9417C009792F7</key>
		<dict>
			<key>fileRef</key>
			<string>1A81DAF917F9417C009792F7</string>
			<key>isa</key>
			<string>PBXBuildFile</string>
		</dict>
		<key>1A81DAFB17F9417C009792F7</key>
		<dict>
			<key>fileRef</key>
			<string>1A81DAE017F9417C009792F7</string>
			<key>isa</key>
			<string>PBXBuildFile</string>
		</dict>
		<key>1A81DAFC17F9417C009792F7</key>
		<dict>
			<key>fileRef</key>
			<string>1A81DAE417F9417C009792F7</string>
			<key>isa</key>
			<string>PBXBuildFile</string>
		</dict>
		<key>1A81DAFD17F9417C009792F7</key>
		<dict>
			<key>containerPortal</key>
			<string>1A81DAD517F9417C009792F7</string>
			<key>isa</key>
			<string>PBXContainerItemProxy</string>
			<key>proxyType</key>
			<string>1</string>
			<key>remoteGlobalIDString</key>
			<string>1A81DADC17F9417C009792F7</string>
			<key>remoteInfo</key>
			<string>ioscodesnippet</string>
		</dict>
		<key>1A81DAFE17F9417C009792F7</key>
		<dict>
			<key>isa</key>
			<string>PBXTargetDependency</string>
			<key>target</key>
			<string>1A81DADC17F9417C009792F7</string>
			<key>targetProxy</key>
			<string>1A81DAFD17F9417C009792F7</string>
		</dict>
		<key>1A81DAFF17F9417C009792F7</key>
		<dict>
			<key>children</key>
			<array>
				<string>1A81DB0517F9417C009792F7</string>
				<string>1A81DB0017F9417C009792F7</string>
			</array>
			<key>isa</key>
			<string>PBXGroup</string>
			<key>path</key>
			<string>ioscodesnippetTests</string>
			<key>sourceTree</key>
			<string>&lt;group&gt;</string>
		</dict>
		<key>1A81DB0017F9417C009792F7</key>
		<dict>
			<key>children</key>
			<array>
				<string>1A81DB0117F9417C009792F7</string>
				<string>1A81DB0217F9417C009792F7</string>
			</array>
			<key>isa</key>
			<string>PBXGroup</string>
			<key>name</key>
			<string>Supporting Files</string>
			<key>sourceTree</key>
			<string>&lt;group&gt;</string>
		</dict>
		<key>1A81DB0117F9417C009792F7</key>
		<dict>
			<key>isa</key>
			<string>PBXFileReference</string>
			<key>lastKnownFileType</key>
			<string>text.plist.xml</string>
			<key>path</key>
			<string>ioscodesnippetTests-Info.plist</string>
			<key>sourceTree</key>
			<string>&lt;group&gt;</string>
		</dict>
		<key>1A81DB0217F9417C009792F7</key>
		<dict>
			<key>children</key>
			<array>
				<string>1A81DB0317F9417C009792F7</string>
			</array>
			<key>isa</key>
			<string>PBXVariantGroup</string>
			<key>name</key>
			<string>InfoPlist.strings</string>
			<key>sourceTree</key>
			<string>&lt;group&gt;</string>
		</dict>
		<key>1A81DB0317F9417C009792F7</key>
		<dict>
			<key>isa</key>
			<string>PBXFileReference</string>
			<key>lastKnownFileType</key>
			<string>text.plist.strings</string>
			<key>name</key>
			<string>en</string>
			<key>path</key>
			<string>en.lproj/InfoPlist.strings</string>
			<key>sourceTree</key>
			<string>&lt;group&gt;</string>
		</dict>
		<key>1A81DB0417F9417C009792F7</key>
		<dict>
			<key>fileRef</key>
			<string>1A81DB0217F9417C009792F7</string>
			<key>isa</key>
			<string>PBXBuildFile</string>
		</dict>
		<key>1A81DB0517F9417C009792F7</key>
		<dict>
			<key>isa</key>
			<string>PBXFileReference</string>
			<key>lastKnownFileType</key>
			<string>sourcecode.c.objc</string>
			<key>path</key>
			<string>ioscodesnippetTests.m</string>
			<key>sourceTree</key>
			<string>&lt;group&gt;</string>
		</dict>
		<key>1A81DB0617F9417C009792F7</key>
		<dict>
			<key>fileRef</key>
			<string>1A81DB0517F9417C009792F7</string>
			<key>isa</key>
			<string>PBXBuildFile</string>
		</dict>
		<key>1A81DB0717F9417C009792F7</key>
		<dict>
			<key>buildSettings</key>
			<dict>
				<key>ALWAYS_SEARCH_USER_PATHS</key>
				<string>NO</string>
				<key>ARCHS</key>
				<string>$(ARCHS_STANDARD_INCLUDING_64_BIT)</string>
				<key>CLANG_CXX_LANGUAGE_STANDARD</key>
				<string>gnu++0x</string>
				<key>CLANG_CXX_LIBRARY</key>
				<string>libc++</string>
				<key>CLANG_ENABLE_MODULES</key>
				<string>YES</string>
				<key>CLANG_ENABLE_OBJC_ARC</key>
				<string>YES</string>
				<key>CLANG_WARN_BOOL_CONVERSION</key>
				<string>YES</string>
				<key>CLANG_WARN_CONSTANT_CONVERSION</key>
				<string>YES</string>
				<key>CLANG_WARN_DIRECT_OBJC_ISA_USAGE</key>
				<string>YES_ERROR</string>
				<key>CLANG_WARN_EMPTY_BODY</key>
				<string>YES</string>
				<key>CLANG_WARN_ENUM_CONVERSION</key>
				<string>YES</string>
				<key>CLANG_WARN_INT_CONVERSION</key>
				<string>YES</string>
				<key>CLANG_WARN_OBJC_ROOT_CLASS</key>
				<string>YES_ERROR</string>
				<key>CLANG_WARN__DUPLICATE_METHOD_MATCH</key>
				<string>YES</string>
				<key>CODE_SIGN_IDENTITY[sdk=iphoneos*]</key>
				<string>iPhone Developer</string>
				<key>COPY_PHASE_STRIP</key>
				<string>NO</string>
				<key>GCC_C_LANGUAGE_STANDARD</key>
				<string>gnu99</string>
				<key>GCC_DYNAMIC_NO_PIC</key>
				<string>NO</string>
				<key>GCC_OPTIMIZATION_LEVEL</key>
				<string>0</string>
				<key>GCC_PREPROCESSOR_DEFINITIONS</key>
				<array>
					<string>DEBUG=1</string>
					<string>$(inherited)</string>
				</array>
				<key>GCC_SYMBOLS_PRIVATE_EXTERN</key>
				<string>NO</string>
				<key>GCC_WARN_64_TO_32_BIT_CONVERSION</key>
				<string>YES</string>
				<key>GCC_WARN_ABOUT_RETURN_TYPE</key>
				<string>YES_ERROR</string>
				<key>GCC_WARN_UNDECLARED_SELECTOR</key>
				<string>YES</string>
				<key>GCC_WARN_UNINITIALIZED_AUTOS</key>
				<string>YES</string>
				<key>GCC_WARN_UNUSED_FUNCTION</key>
				<string>YES</string>
				<key>GCC_WARN_UNUSED_VARIABLE</key>
				<string>YES</string>
				<key>IPHONEOS_DEPLOYMENT_TARGET</key>
				<string>7.0</string>
				<key>ONLY_ACTIVE_ARCH</key>
				<string>YES</string>
				<key>SDKROOT</key>
				<string>iphoneos</string>
			</dict>
			<key>isa</key>
			<string>XCBuildConfiguration</string>
			<key>name</key>
			<string>Debug</string>
		</dict>
		<key>1A81DB0817F9417C009792F7</key>
		<dict>
			<key>buildSettings</key>
			<dict>
				<key>ALWAYS_SEARCH_USER_PATHS</key>
				<string>NO</string>
				<key>ARCHS</key>
				<string>$(ARCHS_STANDARD_INCLUDING_64_BIT)</string>
				<key>CLANG_CXX_LANGUAGE_STANDARD</key>
				<string>gnu++0x</string>
				<key>CLANG_CXX_LIBRARY</key>
				<string>libc++</string>
				<key>CLANG_ENABLE_MODULES</key>
				<string>YES</string>
				<key>CLANG_ENABLE_OBJC_ARC</key>
				<string>YES</string>
				<key>CLANG_WARN_BOOL_CONVERSION</key>
				<string>YES</string>
				<key>CLANG_WARN_CONSTANT_CONVERSION</key>
				<string>YES</string>
				<key>CLANG_WARN_DIRECT_OBJC_ISA_USAGE</key>
				<string>YES_ERROR</string>
				<key>CLANG_WARN_EMPTY_BODY</key>
				<string>YES</string>
				<key>CLANG_WARN_ENUM_CONVERSION</key>
				<string>YES</string>
				<key>CLANG_WARN_INT_CONVERSION</key>
				<string>YES</string>
				<key>CLANG_WARN_OBJC_ROOT_CLASS</key>
				<string>YES_ERROR</string>
				<key>CLANG_WARN__DUPLICATE_METHOD_MATCH</key>
				<string>YES</string>
				<key>CODE_SIGN_IDENTITY[sdk=iphoneos*]</key>
				<string>iPhone Developer</string>
				<key>COPY_PHASE_STRIP</key>
				<string>YES</string>
				<key>ENABLE_NS_ASSERTIONS</key>
				<string>NO</string>
				<key>GCC_C_LANGUAGE_STANDARD</key>
				<string>gnu99</string>
				<key>GCC_WARN_64_TO_32_BIT_CONVERSION</key>
				<string>YES</string>
				<key>GCC_WARN_ABOUT_RETURN_TYPE</key>
				<string>YES_ERROR</string>
				<key>GCC_WARN_UNDECLARED_SELECTOR</key>
				<string>YES</string>
				<key>GCC_WARN_UNINITIALIZED_AUTOS</key>
				<string>YES</string>
				<key>GCC_WARN_UNUSED_FUNCTION</key>
				<string>YES</string>
				<key>GCC_WARN_UNUSED_VARIABLE</key>
				<string>YES</string>
				<key>IPHONEOS_DEPLOYMENT_TARGET</key>
				<string>7.0</string>
				<key>SDKROOT</key>
				<string>iphoneos</string>
				<key>VALIDATE_PRODUCT</key>
				<string>YES</string>
			</dict>
			<key>isa</key>
			<string>XCBuildConfiguration</string>
			<key>name</key>
			<string>Release</string>
		</dict>
		<key>1A81DB0917F9417C009792F7</key>
		<dict>
			<key>buildConfigurations</key>
			<array>
				<string>1A81DB0A17F9417C009792F7</string>
				<string>1A81DB0B17F9417C009792F7</string>
			</array>
			<key>defaultConfigurationIsVisible</key>
			<string>0</string>
			<key>isa</key>
			<string>XCConfigurationList</string>
		</dict>
		<key>1A81DB0A17F9417C009792F7</key>
		<dict>
			<key>baseConfigurationReference</key>
			<string>67D814B1D2D643F8A162DD47</string>
			<key>buildSettings</key>
			<dict>
				<key>ASSETCATALOG_COMPILER_APPICON_NAME</key>
				<string>AppIcon</string>
				<key>ASSETCATALOG_COMPILER_LAUNCHIMAGE_NAME</key>
				<string>LaunchImage</string>
				<key>GCC_PRECOMPILE_PREFIX_HEADER</key>
				<string>YES</string>
				<key>GCC_PREFIX_HEADER</key>
				<string>ioscodesnippet/ioscodesnippet-Prefix.pch</string>
				<key>INFOPLIST_FILE</key>
				<string>ioscodesnippet/ioscodesnippet-Info.plist</string>
				<key>PRODUCT_NAME</key>
				<string>$(TARGET_NAME)</string>
				<key>WRAPPER_EXTENSION</key>
				<string>app</string>
			</dict>
			<key>isa</key>
			<string>XCBuildConfiguration</string>
			<key>name</key>
			<string>Debug</string>
		</dict>
		<key>1A81DB0B17F9417C009792F7</key>
		<dict>
			<key>baseConfigurationReference</key>
			<string>67D814B1D2D643F8A162DD47</string>
			<key>buildSettings</key>
			<dict>
				<key>ASSETCATALOG_COMPILER_APPICON_NAME</key>
				<string>AppIcon</string>
				<key>ASSETCATALOG_COMPILER_LAUNCHIMAGE_NAME</key>
				<string>LaunchImage</string>
				<key>GCC_PRECOMPILE_PREFIX_HEADER</key>
				<string>YES</string>
				<key>GCC_PREFIX_HEADER</key>
				<string>ioscodesnippet/ioscodesnippet-Prefix.pch</string>
				<key>INFOPLIST_FILE</key>
				<string>ioscodesnippet/ioscodesnippet-Info.plist</string>
				<key>PRODUCT_NAME</key>
				<string>$(TARGET_NAME)</string>
				<key>WRAPPER_EXTENSION</key>
				<string>app</string>
			</dict>
			<key>isa</key>
			<string>XCBuildConfiguration</string>
			<key>name</key>
			<string>Release</string>
		</dict>
		<key>1A81DB0C17F9417C009792F7</key>
		<dict>
			<key>buildConfigurations</key>
			<array>
				<string>1A81DB0D17F9417C009792F7</string>
				<string>1A81DB0E17F9417C009792F7</string>
			</array>
			<key>defaultConfigurationIsVisible</key>
			<string>0</string>
			<key>isa</key>
			<string>XCConfigurationList</string>
		</dict>
		<key>1A81DB0D17F9417C009792F7</key>
		<dict>
			<key>buildSettings</key>
			<dict>
				<key>ARCHS</key>
				<string>$(ARCHS_STANDARD_INCLUDING_64_BIT)</string>
				<key>BUNDLE_LOADER</key>
				<string>$(BUILT_PRODUCTS_DIR)/ioscodesnippet.app/ioscodesnippet</string>
				<key>FRAMEWORK_SEARCH_PATHS</key>
				<array>
					<string>$(SDKROOT)/Developer/Library/Frameworks</string>
					<string>$(inherited)</string>
					<string>$(DEVELOPER_FRAMEWORKS_DIR)</string>
				</array>
				<key>GCC_PRECOMPILE_PREFIX_HEADER</key>
				<string>YES</string>
				<key>GCC_PREFIX_HEADER</key>
				<string>ioscodesnippet/ioscodesnippet-Prefix.pch</string>
				<key>GCC_PREPROCESSOR_DEFINITIONS</key>
				<array>
					<string>DEBUG=1</string>
					<string>$(inherited)</string>
				</array>
				<key>INFOPLIST_FILE</key>
				<string>ioscodesnippetTests/ioscodesnippetTests-Info.plist</string>
				<key>PRODUCT_NAME</key>
				<string>$(TARGET_NAME)</string>
				<key>TEST_HOST</key>
				<string>$(BUNDLE_LOADER)</string>
				<key>WRAPPER_EXTENSION</key>
				<string>xctest</string>
			</dict>
			<key>isa</key>
			<string>XCBuildConfiguration</string>
			<key>name</key>
			<string>Debug</string>
		</dict>
		<key>1A81DB0E17F9417C009792F7</key>
		<dict>
			<key>buildSettings</key>
			<dict>
				<key>ARCHS</key>
				<string>$(ARCHS_STANDARD_INCLUDING_64_BIT)</string>
				<key>BUNDLE_LOADER</key>
				<string>$(BUILT_PRODUCTS_DIR)/ioscodesnippet.app/ioscodesnippet</string>
				<key>FRAMEWORK_SEARCH_PATHS</key>
				<array>
					<string>$(SDKROOT)/Developer/Library/Frameworks</string>
					<string>$(inherited)</string>
					<string>$(DEVELOPER_FRAMEWORKS_DIR)</string>
				</array>
				<key>GCC_PRECOMPILE_PREFIX_HEADER</key>
				<string>YES</string>
				<key>GCC_PREFIX_HEADER</key>
				<string>ioscodesnippet/ioscodesnippet-Prefix.pch</string>
				<key>INFOPLIST_FILE</key>
				<string>ioscodesnippetTests/ioscodesnippetTests-Info.plist</string>
				<key>PRODUCT_NAME</key>
				<string>$(TARGET_NAME)</string>
				<key>TEST_HOST</key>
				<string>$(BUNDLE_LOADER)</string>
				<key>WRAPPER_EXTENSION</key>
				<string>xctest</string>
			</dict>
			<key>isa</key>
			<string>XCBuildConfiguration</string>
			<key>name</key>
			<string>Release</string>
		</dict>
		<key>34E9DF3C9EC740B596AF1386</key>
		<dict>
			<key>explicitFileType</key>
			<string>archive.ar</string>
			<key>includeInIndex</key>
			<string>0</string>
			<key>isa</key>
			<string>PBXFileReference</string>
			<key>path</key>
			<string>libPods.a</string>
			<key>sourceTree</key>
			<string>BUILT_PRODUCTS_DIR</string>
		</dict>
		<key>5FE5963894714E319D31EDDF</key>
		<dict>
			<key>fileRef</key>
			<string>34E9DF3C9EC740B596AF1386</string>
			<key>isa</key>
			<string>PBXBuildFile</string>
		</dict>
		<key>67D814B1D2D643F8A162DD47</key>
		<dict>
			<key>includeInIndex</key>
			<string>1</string>
			<key>isa</key>
			<string>PBXFileReference</string>
			<key>lastKnownFileType</key>
			<string>text.xcconfig</string>
			<key>name</key>
			<string>Pods.xcconfig</string>
			<key>path</key>
			<string>../Pods/Pods.xcconfig</string>
			<key>sourceTree</key>
			<string>SOURCE_ROOT</string>
		</dict>
		<key>CE51296101F24D56AA9068C2</key>
		<dict>
			<key>buildActionMask</key>
			<string>2147483647</string>
			<key>files</key>
			<array/>
			<key>inputPaths</key>
			<array/>
			<key>isa</key>
			<string>PBXShellScriptBuildPhase</string>
			<key>name</key>
			<string>Check Pods Manifest.lock</string>
			<key>outputPaths</key>
			<array/>
			<key>runOnlyForDeploymentPostprocessing</key>
			<string>0</string>
			<key>shellPath</key>
			<string>/bin/sh</string>
			<key>shellScript</key>
			<string>diff "${PODS_ROOT}/../Podfile.lock" "${PODS_ROOT}/Manifest.lock" &gt; /dev/null
if [[ $? != 0 ]] ; then
    cat &lt;&lt; EOM
error: The sandbox is not in sync with the Podfile.lock. Run 'pod install' or update your CocoaPods installation.
EOM
    exit 1
fi
</string>
			<key>showEnvVarsInLog</key>
			<string>0</string>
		</dict>
		<key>FEF1F237D99B467992025062</key>
		<dict>
			<key>buildActionMask</key>
			<string>2147483647</string>
			<key>files</key>
			<array/>
			<key>inputPaths</key>
			<array/>
			<key>isa</key>
			<string>PBXShellScriptBuildPhase</string>
			<key>name</key>
			<string>Copy Pods Resources</string>
			<key>outputPaths</key>
			<array/>
			<key>runOnlyForDeploymentPostprocessing</key>
			<string>0</string>
			<key>shellPath</key>
			<string>/bin/sh</string>
			<key>shellScript</key>
			<string>"${SRCROOT}/../Pods/Pods-resources.sh"
</string>
			<key>showEnvVarsInLog</key>
			<string>0</string>
		</dict>
	</dict>
	<key>rootObject</key>
	<string>1A81DAD517F9417C009792F7</string>
</dict>
</plist>
